// !$*UTF8*$!
{
	archiveVersion = 1;
	classes = {
	};
	objectVersion = 50;
	objects = {

/* Begin PBXBuildFile section */
		F198E9E52588CA70009FA11C /* testEnvironmentApp.swift in Sources */ = {isa = PBXBuildFile; fileRef = F198E9E42588CA70009FA11C /* testEnvironmentApp.swift */; };
		F198E9E72588CA70009FA11C /* ContentView.swift in Sources */ = {isa = PBXBuildFile; fileRef = F198E9E62588CA70009FA11C /* ContentView.swift */; };
		F198E9E92588CA73009FA11C /* Assets.xcassets in Resources */ = {isa = PBXBuildFile; fileRef = F198E9E82588CA73009FA11C /* Assets.xcassets */; };
		F198E9EC2588CA73009FA11C /* Preview Assets.xcassets in Resources */ = {isa = PBXBuildFile; fileRef = F198E9EB2588CA73009FA11C /* Preview Assets.xcassets */; };
		F198E9EE2588CA73009FA11C /* Persistence.swift in Sources */ = {isa = PBXBuildFile; fileRef = F198E9ED2588CA73009FA11C /* Persistence.swift */; };
		F198E9F12588CA73009FA11C /* testEnvironment.xcdatamodeld in Sources */ = {isa = PBXBuildFile; fileRef = F198E9EF2588CA73009FA11C /* testEnvironment.xcdatamodeld */; };
/* End PBXBuildFile section */

/* Begin PBXFileReference section */
		F198E9E12588CA70009FA11C /* testEnvironment.app */ = {isa = PBXFileReference; explicitFileType = wrapper.application; includeInIndex = 0; path = testEnvironment.app; sourceTree = BUILT_PRODUCTS_DIR; };
		F198E9E42588CA70009FA11C /* testEnvironmentApp.swift */ = {isa = PBXFileReference; lastKnownFileType = sourcecode.swift; path = testEnvironmentApp.swift; sourceTree = "<group>"; };
		F198E9E62588CA70009FA11C /* ContentView.swift */ = {isa = PBXFileReference; lastKnownFileType = sourcecode.swift; path = ContentView.swift; sourceTree = "<group>"; };
		F198E9E82588CA73009FA11C /* Assets.xcassets */ = {isa = PBXFileReference; lastKnownFileType = folder.assetcatalog; path = Assets.xcassets; sourceTree = "<group>"; };
		F198E9EB2588CA73009FA11C /* Preview Assets.xcassets */ = {isa = PBXFileReference; lastKnownFileType = folder.assetcatalog; path = "Preview Assets.xcassets"; sourceTree = "<group>"; };
		F198E9ED2588CA73009FA11C /* Persistence.swift */ = {isa = PBXFileReference; lastKnownFileType = sourcecode.swift; path = Persistence.swift; sourceTree = "<group>"; };
		F198E9F02588CA73009FA11C /* testEnvironment.xcdatamodel */ = {isa = PBXFileReference; lastKnownFileType = wrapper.xcdatamodel; path = testEnvironment.xcdatamodel; sourceTree = "<group>"; };
		F198E9F22588CA73009FA11C /* Info.plist */ = {isa = PBXFileReference; lastKnownFileType = text.plist.xml; path = Info.plist; sourceTree = "<group>"; };
/* End PBXFileReference section */

/* Begin PBXFrameworksBuildPhase section */
		F198E9DE2588CA70009FA11C /* Frameworks */ = {
			isa = PBXFrameworksBuildPhase;
			buildActionMask = 2147483647;
			files = (
			);
			runOnlyForDeploymentPostprocessing = 0;
		};
/* End PBXFrameworksBuildPhase section */

/* Begin PBXGroup section */
		F198E9D82588CA70009FA11C = {
			isa = PBXGroup;
			children = (
				F198E9E32588CA70009FA11C /* testEnvironment */,
				F198E9E22588CA70009FA11C /* Products */,
			);
			sourceTree = "<group>";
		};
		F198E9E22588CA70009FA11C /* Products */ = {
			isa = PBXGroup;
			children = (
				F198E9E12588CA70009FA11C /* testEnvironment.app */,
			);
			name = Products;
			sourceTree = "<group>";
		};
		F198E9E32588CA70009FA11C /* testEnvironment */ = {
			isa = PBXGroup;
			children = (
				F198E9E42588CA70009FA11C /* testEnvironmentApp.swift */,
				F198E9E62588CA70009FA11C /* ContentView.swift */,
				F198E9E82588CA73009FA11C /* Assets.xcassets */,
				F198E9ED2588CA73009FA11C /* Persistence.swift */,
				F198E9F22588CA73009FA11C /* Info.plist */,
				F198E9EF2588CA73009FA11C /* testEnvironment.xcdatamodeld */,
				F198E9EA2588CA73009FA11C /* Preview Content */,
			);
			path = testEnvironment;
			sourceTree = "<group>";
		};
		F198E9EA2588CA73009FA11C /* Preview Content */ = {
			isa = PBXGroup;
			children = (
				F198E9EB2588CA73009FA11C /* Preview Assets.xcassets */,
			);
			path = "Preview Content";
			sourceTree = "<group>";
		};
/* End PBXGroup section */

/* Begin PBXNativeTarget section */
		F198E9E02588CA70009FA11C /* testEnvironment */ = {
			isa = PBXNativeTarget;
			buildConfigurationList = F198E9F52588CA73009FA11C /* Build configuration list for PBXNativeTarget "testEnvironment" */;
			buildPhases = (
				F198E9DD2588CA70009FA11C /* Sources */,
				F198E9DE2588CA70009FA11C /* Frameworks */,
				F198E9DF2588CA70009FA11C /* Resources */,
			);
			buildRules = (
			);
			dependencies = (
			);
			name = testEnvironment;
			productName = testEnvironment;
			productReference = F198E9E12588CA70009FA11C /* testEnvironment.app */;
			productType = "com.apple.product-type.application";
		};
/* End PBXNativeTarget section */

/* Begin PBXProject section */
		F198E9D92588CA70009FA11C /* Project object */ = {
			isa = PBXProject;
			attributes = {
				LastSwiftUpdateCheck = 1230;
				LastUpgradeCheck = 1230;
				TargetAttributes = {
					F198E9E02588CA70009FA11C = {
						CreatedOnToolsVersion = 12.3;
					};
				};
			};
			buildConfigurationList = F198E9DC2588CA70009FA11C /* Build configuration list for PBXProject "testEnvironment" */;
			compatibilityVersion = "Xcode 9.3";
			developmentRegion = en;
			hasScannedForEncodings = 0;
			knownRegions = (
				en,
				Base,
			);
			mainGroup = F198E9D82588CA70009FA11C;
			productRefGroup = F198E9E22588CA70009FA11C /* Products */;
			projectDirPath = "";
			projectRoot = "";
			targets = (
				F198E9E02588CA70009FA11C /* testEnvironment */,
			);
		};
/* End PBXProject section */

/* Begin PBXResourcesBuildPhase section */
		F198E9DF2588CA70009FA11C /* Resources */ = {
			isa = PBXResourcesBuildPhase;
			buildActionMask = 2147483647;
			files = (
				F198E9EC2588CA73009FA11C /* Preview Assets.xcassets in Resources */,
				F198E9E92588CA73009FA11C /* Assets.xcassets in Resources */,
			);
			runOnlyForDeploymentPostprocessing = 0;
		};
/* End PBXResourcesBuildPhase section */

/* Begin PBXSourcesBuildPhase section */
		F198E9DD2588CA70009FA11C /* Sources */ = {
			isa = PBXSourcesBuildPhase;
			buildActionMask = 2147483647;
			files = (
				F198E9EE2588CA73009FA11C /* Persistence.swift in Sources */,
				F198E9F12588CA73009FA11C /* testEnvironment.xcdatamodeld in Sources */,
				F198E9E72588CA70009FA11C /* ContentView.swift in Sources */,
				F198E9E52588CA70009FA11C /* testEnvironmentApp.swift in Sources */,
			);
			runOnlyForDeploymentPostprocessing = 0;
		};
/* End PBXSourcesBuildPhase section */

/* Begin XCBuildConfiguration section */
		F198E9F32588CA73009FA11C /* Debug */ = {
			isa = XCBuildConfiguration;
			buildSettings = {
				ALWAYS_SEARCH_USER_PATHS = NO;
				CLANG_ANALYZER_NONNULL = YES;
				CLANG_ANALYZER_NUMBER_OBJECT_CONVERSION = YES_AGGRESSIVE;
				CLANG_CXX_LANGUAGE_STANDARD = "gnu++14";
				CLANG_CXX_LIBRARY = "libc++";
				CLANG_ENABLE_MODULES = YES;
				CLANG_ENABLE_OBJC_ARC = YES;
				CLANG_ENABLE_OBJC_WEAK = YES;
				CLANG_WARN_BLOCK_CAPTURE_AUTORELEASING = YES;
				CLANG_WARN_BOOL_CONVERSION = YES;
				CLANG_WARN_COMMA = YES;
				CLANG_WARN_CONSTANT_CONVERSION = YES;
				CLANG_WARN_DEPRECATED_OBJC_IMPLEMENTATIONS = YES;
				CLANG_WARN_DIRECT_OBJC_ISA_USAGE = YES_ERROR;
				CLANG_WARN_DOCUMENTATION_COMMENTS = YES;
				CLANG_WARN_EMPTY_BODY = YES;
				CLANG_WARN_ENUM_CONVERSION = YES;
				CLANG_WARN_INFINITE_RECURSION = YES;
				CLANG_WARN_INT_CONVERSION = YES;
				CLANG_WARN_NON_LITERAL_NULL_CONVERSION = YES;
				CLANG_WARN_OBJC_IMPLICIT_RETAIN_SELF = YES;
				CLANG_WARN_OBJC_LITERAL_CONVERSION = YES;
				CLANG_WARN_OBJC_ROOT_CLASS = YES_ERROR;
				CLANG_WARN_QUOTED_INCLUDE_IN_FRAMEWORK_HEADER = YES;
				CLANG_WARN_RANGE_LOOP_ANALYSIS = YES;
				CLANG_WARN_STRICT_PROTOTYPES = YES;
				CLANG_WARN_SUSPICIOUS_MOVE = YES;
				CLANG_WARN_UNGUARDED_AVAILABILITY = YES_AGGRESSIVE;
				CLANG_WARN_UNREACHABLE_CODE = YES;
				CLANG_WARN__DUPLICATE_METHOD_MATCH = YES;
				COPY_PHASE_STRIP = NO;
				DEBUG_INFORMATION_FORMAT = dwarf;
				ENABLE_STRICT_OBJC_MSGSEND = YES;
				ENABLE_TESTABILITY = YES;
				GCC_C_LANGUAGE_STANDARD = gnu11;
				GCC_DYNAMIC_NO_PIC = NO;
				GCC_NO_COMMON_BLOCKS = YES;
				GCC_OPTIMIZATION_LEVEL = 0;
				GCC_PREPROCESSOR_DEFINITIONS = (
					"DEBUG=1",
					"$(inherited)",
				);
				GCC_WARN_64_TO_32_BIT_CONVERSION = YES;
				GCC_WARN_ABOUT_RETURN_TYPE = YES_ERROR;
				GCC_WARN_UNDECLARED_SELECTOR = YES;
				GCC_WARN_UNINITIALIZED_AUTOS = YES_AGGRESSIVE;
				GCC_WARN_UNUSED_FUNCTION = YES;
				GCC_WARN_UNUSED_VARIABLE = YES;
				IPHONEOS_DEPLOYMENT_TARGET = 14.3;
				MTL_ENABLE_DEBUG_INFO = INCLUDE_SOURCE;
				MTL_FAST_MATH = YES;
				ONLY_ACTIVE_ARCH = YES;
				SDKROOT = iphoneos;
				SWIFT_ACTIVE_COMPILATION_CONDITIONS = DEBUG;
				SWIFT_OPTIMIZATION_LEVEL = "-Onone";
			};
			name = Debug;
		};
		F198E9F42588CA73009FA11C /* Release */ = {
			isa = XCBuildConfiguration;
			buildSettings = {
				ALWAYS_SEARCH_USER_PATHS = NO;
				CLANG_ANALYZER_NONNULL = YES;
				CLANG_ANALYZER_NUMBER_OBJECT_CONVERSION = YES_AGGRESSIVE;
				CLANG_CXX_LANGUAGE_STANDARD = "gnu++14";
				CLANG_CXX_LIBRARY = "libc++";
				CLANG_ENABLE_MODULES = YES;
				CLANG_ENABLE_OBJC_ARC = YES;
				CLANG_ENABLE_OBJC_WEAK = YES;
				CLANG_WARN_BLOCK_CAPTURE_AUTORELEASING = YES;
				CLANG_WARN_BOOL_CONVERSION = YES;
				CLANG_WARN_COMMA = YES;
				CLANG_WARN_CONSTANT_CONVERSION = YES;
				CLANG_WARN_DEPRECATED_OBJC_IMPLEMENTATIONS = YES;
				CLANG_WARN_DIRECT_OBJC_ISA_USAGE = YES_ERROR;
				CLANG_WARN_DOCUMENTATION_COMMENTS = YES;
				CLANG_WARN_EMPTY_BODY = YES;
				CLANG_WARN_ENUM_CONVERSION = YES;
				CLANG_WARN_INFINITE_RECURSION = YES;
				CLANG_WARN_INT_CONVERSION = YES;
				CLANG_WARN_NON_LITERAL_NULL_CONVERSION = YES;
				CLANG_WARN_OBJC_IMPLICIT_RETAIN_SELF = YES;
				CLANG_WARN_OBJC_LITERAL_CONVERSION = YES;
				CLANG_WARN_OBJC_ROOT_CLASS = YES_ERROR;
				CLANG_WARN_QUOTED_INCLUDE_IN_FRAMEWORK_HEADER = YES;
				CLANG_WARN_RANGE_LOOP_ANALYSIS = YES;
				CLANG_WARN_STRICT_PROTOTYPES = YES;
				CLANG_WARN_SUSPICIOUS_MOVE = YES;
				CLANG_WARN_UNGUARDED_AVAILABILITY = YES_AGGRESSIVE;
				CLANG_WARN_UNREACHABLE_CODE = YES;
				CLANG_WARN__DUPLICATE_METHOD_MATCH = YES;
				COPY_PHASE_STRIP = NO;
				DEBUG_INFORMATION_FORMAT = "dwarf-with-dsym";
				ENABLE_NS_ASSERTIONS = NO;
				ENABLE_STRICT_OBJC_MSGSEND = YES;
				GCC_C_LANGUAGE_STANDARD = gnu11;
				GCC_NO_COMMON_BLOCKS = YES;
				GCC_WARN_64_TO_32_BIT_CONVERSION = YES;
				GCC_WARN_ABOUT_RETURN_TYPE = YES_ERROR;
				GCC_WARN_UNDECLARED_SELECTOR = YES;
				GCC_WARN_UNINITIALIZED_AUTOS = YES_AGGRESSIVE;
				GCC_WARN_UNUSED_FUNCTION = YES;
				GCC_WARN_UNUSED_VARIABLE = YES;
				IPHONEOS_DEPLOYMENT_TARGET = 14.3;
				MTL_ENABLE_DEBUG_INFO = NO;
				MTL_FAST_MATH = YES;
				SDKROOT = iphoneos;
				SWIFT_COMPILATION_MODE = wholemodule;
				SWIFT_OPTIMIZATION_LEVEL = "-O";
				VALIDATE_PRODUCT = YES;
			};
			name = Release;
		};
		F198E9F62588CA73009FA11C /* Debug */ = {
			isa = XCBuildConfiguration;
			buildSettings = {
				ASSETCATALOG_COMPILER_APPICON_NAME = AppIcon;
				ASSETCATALOG_COMPILER_GLOBAL_ACCENT_COLOR_NAME = AccentColor;
				CODE_SIGN_STYLE = Automatic;
				DEVELOPMENT_ASSET_PATHS = "\"testEnvironment/Preview Content\"";
				ENABLE_PREVIEWS = YES;
				INFOPLIST_FILE = testEnvironment/Info.plist;
				IPHONEOS_DEPLOYMENT_TARGET = 14.0;
				LD_RUNPATH_SEARCH_PATHS = (
					"$(inherited)",
					"@executable_path/Frameworks",
				);
				PRODUCT_BUNDLE_IDENTIFIER = com.hbk.testEnvironment;
				PRODUCT_NAME = "$(TARGET_NAME)";
				SWIFT_VERSION = 5.0;
				TARGETED_DEVICE_FAMILY = "1,2";
			};
			name = Debug;
		};
		F198E9F72588CA73009FA11C /* Release */ = {
			isa = XCBuildConfiguration;
			buildSettings = {
				ASSETCATALOG_COMPILER_APPICON_NAME = AppIcon;
				ASSETCATALOG_COMPILER_GLOBAL_ACCENT_COLOR_NAME = AccentColor;
				CODE_SIGN_STYLE = Automatic;
				DEVELOPMENT_ASSET_PATHS = "\"testEnvironment/Preview Content\"";
				ENABLE_PREVIEWS = YES;
				INFOPLIST_FILE = testEnvironment/Info.plist;
				IPHONEOS_DEPLOYMENT_TARGET = 14.0;
				LD_RUNPATH_SEARCH_PATHS = (
					"$(inherited)",
					"@executable_path/Frameworks",
				);
				PRODUCT_BUNDLE_IDENTIFIER = com.hbk.testEnvironment;
				PRODUCT_NAME = "$(TARGET_NAME)";
				SWIFT_VERSION = 5.0;
				TARGETED_DEVICE_FAMILY = "1,2";
			};
			name = Release;
		};
/* End XCBuildConfiguration section */

/* Begin XCConfigurationList section */
		F198E9DC2588CA70009FA11C /* Build configuration list for PBXProject "testEnvironment" */ = {
			isa = XCConfigurationList;
			buildConfigurations = (
				F198E9F32588CA73009FA11C /* Debug */,
				F198E9F42588CA73009FA11C /* Release */,
			);
			defaultConfigurationIsVisible = 0;
			defaultConfigurationName = Release;
		};
		F198E9F52588CA73009FA11C /* Build configuration list for PBXNativeTarget "testEnvironment" */ = {
			isa = XCConfigurationList;
			buildConfigurations = (
				F198E9F62588CA73009FA11C /* Debug */,
				F198E9F72588CA73009FA11C /* Release */,
			);
			defaultConfigurationIsVisible = 0;
			defaultConfigurationName = Release;
		};
/* End XCConfigurationList section */

/* Begin XCVersionGroup section */
		F198E9EF2588CA73009FA11C /* testEnvironment.xcdatamodeld */ = {
			isa = XCVersionGroup;
			children = (
				F198E9F02588CA73009FA11C /* testEnvironment.xcdatamodel */,
			);
			currentVersion = F198E9F02588CA73009FA11C /* testEnvironment.xcdatamodel */;
			path = testEnvironment.xcdatamodeld;
			sourceTree = "<group>";
			versionGroupType = wrapper.xcdatamodel;
		};
/* End XCVersionGroup section */
	};
	rootObject = F198E9D92588CA70009FA11C /* Project object */;
}
